Microsoft Visual Studio Solution File, Format Version 12.00
# Visual Studio Version 17
VisualStudioVersion = 17.5.2.0
MinimumVisualStudioVersion = 10.0.40219.1
Project("{FAE04EC0-301F-11D3-BF4B-00C04F79EFBC}") = "RazorPagesAnime", "RazorPagesAnime.csproj", "{1DBEE318-163E-FBD5-1631-B2A8DA6AE03A}"
EndProject
Global
	GlobalSection(SolutionConfigurationPlatforms) = preSolution
		Debug|Any CPU = Debug|Any CPU
		Release|Any CPU = Release|Any CPU
	EndGlobalSection
	GlobalSection(ProjectConfigurationPlatforms) = postSolution
		{1DBEE318-163E-FBD5-1631-B2A8DA6AE03A}.Debug|Any CPU.ActiveCfg = Debug|Any CPU
		{1DBEE318-163E-FBD5-1631-B2A8DA6AE03A}.Debug|Any CPU.Build.0 = Debug|Any CPU
		{1DBEE318-163E-FBD5-1631-B2A8DA6AE03A}.Release|Any CPU.ActiveCfg = Release|Any CPU
		{1DBEE318-163E-FBD5-1631-B2A8DA6AE03A}.Release|Any CPU.Build.0 = Release|Any CPU
	EndGlobalSection
	GlobalSection(SolutionProperties) = preSolution
		HideSolutionNode = FALSE
	EndGlobalSection
	GlobalSection(ExtensibilityGlobals) = postSolution
		SolutionGuid = {899B5DF1-8200-48C5-AC49-60549D2E4A87}
	EndGlobalSection
EndGlobal
